
Microsoft Visual Studio Solution File, Format Version 12.00
# Visual Studio Version 16
VisualStudioVersion = 16.0.31702.278
MinimumVisualStudioVersion = 10.0.40219.1
Project("{FAE04EC0-301F-11D3-BF4B-00C04F79EFBC}") = "Ado.Net-Task", "Ado.Net-Task\Ado.Net-Task.csproj", "{8C5082CA-AD00-4385-A88E-459965132D0B}"
EndProject
Global
	GlobalSection(SolutionConfigurationPlatforms) = preSolution
		Debug|Any CPU = Debug|Any CPU
		Release|Any CPU = Release|Any CPU
	EndGlobalSection
	GlobalSection(ProjectConfigurationPlatforms) = postSolution
		{8C5082CA-AD00-4385-A88E-459965132D0B}.Debug|Any CPU.ActiveCfg = Debug|Any CPU
		{8C5082CA-AD00-4385-A88E-459965132D0B}.Debug|Any CPU.Build.0 = Debug|Any CPU
		{8C5082CA-AD00-4385-A88E-459965132D0B}.Release|Any CPU.ActiveCfg = Release|Any CPU
		{8C5082CA-AD00-4385-A88E-459965132D0B}.Release|Any CPU.Build.0 = Release|Any CPU
	EndGlobalSection
	GlobalSection(SolutionProperties) = preSolution
		HideSolutionNode = FALSE
	EndGlobalSection
	GlobalSection(ExtensibilityGlobals) = postSolution
		SolutionGuid = {4111C859-5CF6-4864-86E9-8F1BD7D523B4}
	EndGlobalSection
EndGlobal
